
Microsoft Visual Studio Solution File, Format Version 11.00
# Visual Studio 2010
Project("{FAE04EC0-301F-11D3-BF4B-00C04F79EFBC}") = "Bai24", "Bai24\Bai24.csproj", "{C592665A-B50A-4818-8016-8E57AF2BC216}"
EndProject
Global
	GlobalSection(SolutionConfigurationPlatforms) = preSolution
		Debug|x86 = Debug|x86
		Release|x86 = Release|x86
	EndGlobalSection
	GlobalSection(ProjectConfigurationPlatforms) = postSolution
		{C592665A-B50A-4818-8016-8E57AF2BC216}.Debug|x86.ActiveCfg = Debug|x86
		{C592665A-B50A-4818-8016-8E57AF2BC216}.Debug|x86.Build.0 = Debug|x86
		{C592665A-B50A-4818-8016-8E57AF2BC216}.Release|x86.ActiveCfg = Release|x86
		{C592665A-B50A-4818-8016-8E57AF2BC216}.Release|x86.Build.0 = Release|x86
	EndGlobalSection
	GlobalSection(SolutionProperties) = preSolution
		HideSolutionNode = FALSE
	EndGlobalSection
EndGlobal
