
Microsoft Visual Studio Solution File, Format Version 11.00
# Visual Studio 2010
Project("{FAE04EC0-301F-11D3-BF4B-00C04F79EFBC}") = "Bai19", "Bai19\Bai19.csproj", "{2CE3B965-E01B-484B-A57E-66B7B2146689}"
EndProject
Global
	GlobalSection(SolutionConfigurationPlatforms) = preSolution
		Debug|x86 = Debug|x86
		Release|x86 = Release|x86
	EndGlobalSection
	GlobalSection(ProjectConfigurationPlatforms) = postSolution
		{2CE3B965-E01B-484B-A57E-66B7B2146689}.Debug|x86.ActiveCfg = Debug|x86
		{2CE3B965-E01B-484B-A57E-66B7B2146689}.Debug|x86.Build.0 = Debug|x86
		{2CE3B965-E01B-484B-A57E-66B7B2146689}.Release|x86.ActiveCfg = Release|x86
		{2CE3B965-E01B-484B-A57E-66B7B2146689}.Release|x86.Build.0 = Release|x86
	EndGlobalSection
	GlobalSection(SolutionProperties) = preSolution
		HideSolutionNode = FALSE
	EndGlobalSection
EndGlobal
